// !$*UTF8*$!
{
	archiveVersion = 1;
	classes = {
	};
	objectVersion = 50;
	objects = {

/* Begin PBXBuildFile section */
		1F2079002618EAF500D68D87 /* ContactFaceApp.swift in Sources */ = {isa = PBXBuildFile; fileRef = 1F2078FF2618EAF500D68D87 /* ContactFaceApp.swift */; };
		1F2079022618EAF500D68D87 /* ContentView.swift in Sources */ = {isa = PBXBuildFile; fileRef = 1F2079012618EAF500D68D87 /* ContentView.swift */; };
		1F2079042618EAF600D68D87 /* Assets.xcassets in Resources */ = {isa = PBXBuildFile; fileRef = 1F2079032618EAF600D68D87 /* Assets.xcassets */; };
		1F2079072618EAF600D68D87 /* Preview Assets.xcassets in Resources */ = {isa = PBXBuildFile; fileRef = 1F2079062618EAF600D68D87 /* Preview Assets.xcassets */; };
		1F2079092618EAF600D68D87 /* Persistence.swift in Sources */ = {isa = PBXBuildFile; fileRef = 1F2079082618EAF600D68D87 /* Persistence.swift */; };
		1F20790C2618EAF700D68D87 /* ContactFace.xcdatamodeld in Sources */ = {isa = PBXBuildFile; fileRef = 1F20790A2618EAF600D68D87 /* ContactFace.xcdatamodeld */; };
		1F2079152618EB7900D68D87 /* ImagePicker.swift in Sources */ = {isa = PBXBuildFile; fileRef = 1F2079142618EB7900D68D87 /* ImagePicker.swift */; };
		1F2079182618ED1E00D68D87 /* FileManager.swift in Sources */ = {isa = PBXBuildFile; fileRef = 1F2079172618ED1E00D68D87 /* FileManager.swift */; };
		1F20791F2618F32900D68D87 /* AddContactView.swift in Sources */ = {isa = PBXBuildFile; fileRef = 1F20791E2618F32900D68D87 /* AddContactView.swift */; };
		1F2079262619112F00D68D87 /* DetailView.swift in Sources */ = {isa = PBXBuildFile; fileRef = 1F2079252619112F00D68D87 /* DetailView.swift */; };
		1F78563E261A2E9500190926 /* LocationFetcher.swift in Sources */ = {isa = PBXBuildFile; fileRef = 1F78563D261A2E9500190926 /* LocationFetcher.swift */; };
		1F785642261A30C600190926 /* MapView.swift in Sources */ = {isa = PBXBuildFile; fileRef = 1F785641261A30C600190926 /* MapView.swift */; };
/* End PBXBuildFile section */

/* Begin PBXFileReference section */
		1F2078FC2618EAF500D68D87 /* ContactFace.app */ = {isa = PBXFileReference; explicitFileType = wrapper.application; includeInIndex = 0; path = ContactFace.app; sourceTree = BUILT_PRODUCTS_DIR; };
		1F2078FF2618EAF500D68D87 /* ContactFaceApp.swift */ = {isa = PBXFileReference; lastKnownFileType = sourcecode.swift; path = ContactFaceApp.swift; sourceTree = "<group>"; };
		1F2079012618EAF500D68D87 /* ContentView.swift */ = {isa = PBXFileReference; lastKnownFileType = sourcecode.swift; path = ContentView.swift; sourceTree = "<group>"; };
		1F2079032618EAF600D68D87 /* Assets.xcassets */ = {isa = PBXFileReference; lastKnownFileType = folder.assetcatalog; path = Assets.xcassets; sourceTree = "<group>"; };
		1F2079062618EAF600D68D87 /* Preview Assets.xcassets */ = {isa = PBXFileReference; lastKnownFileType = folder.assetcatalog; path = "Preview Assets.xcassets"; sourceTree = "<group>"; };
		1F2079082618EAF600D68D87 /* Persistence.swift */ = {isa = PBXFileReference; lastKnownFileType = sourcecode.swift; path = Persistence.swift; sourceTree = "<group>"; };
		1F20790B2618EAF700D68D87 /* ContactFace.xcdatamodel */ = {isa = PBXFileReference; lastKnownFileType = wrapper.xcdatamodel; path = ContactFace.xcdatamodel; sourceTree = "<group>"; };
		1F20790D2618EAF700D68D87 /* Info.plist */ = {isa = PBXFileReference; lastKnownFileType = text.plist.xml; path = Info.plist; sourceTree = "<group>"; };
		1F2079142618EB7900D68D87 /* ImagePicker.swift */ = {isa = PBXFileReference; lastKnownFileType = sourcecode.swift; path = ImagePicker.swift; sourceTree = "<group>"; };
		1F2079172618ED1E00D68D87 /* FileManager.swift */ = {isa = PBXFileReference; lastKnownFileType = sourcecode.swift; path = FileManager.swift; sourceTree = "<group>"; };
		1F20791E2618F32900D68D87 /* AddContactView.swift */ = {isa = PBXFileReference; lastKnownFileType = sourcecode.swift; path = AddContactView.swift; sourceTree = "<group>"; };
		1F2079252619112F00D68D87 /* DetailView.swift */ = {isa = PBXFileReference; lastKnownFileType = sourcecode.swift; path = DetailView.swift; sourceTree = "<group>"; };
		1F78563D261A2E9500190926 /* LocationFetcher.swift */ = {isa = PBXFileReference; lastKnownFileType = sourcecode.swift; path = LocationFetcher.swift; sourceTree = "<group>"; };
		1F785641261A30C600190926 /* MapView.swift */ = {isa = PBXFileReference; lastKnownFileType = sourcecode.swift; path = MapView.swift; sourceTree = "<group>"; };
/* End PBXFileReference section */

/* Begin PBXFrameworksBuildPhase section */
		1F2078F92618EAF500D68D87 /* Frameworks */ = {
			isa = PBXFrameworksBuildPhase;
			buildActionMask = 2147483647;
			files = (
			);
			runOnlyForDeploymentPostprocessing = 0;
		};
/* End PBXFrameworksBuildPhase section */

/* Begin PBXGroup section */
		1F2078F32618EAF500D68D87 = {
			isa = PBXGroup;
			children = (
				1F2078FE2618EAF500D68D87 /* ContactFace */,
				1F2078FD2618EAF500D68D87 /* Products */,
			);
			sourceTree = "<group>";
		};
		1F2078FD2618EAF500D68D87 /* Products */ = {
			isa = PBXGroup;
			children = (
				1F2078FC2618EAF500D68D87 /* ContactFace.app */,
			);
			name = Products;
			sourceTree = "<group>";
		};
		1F2078FE2618EAF500D68D87 /* ContactFace */ = {
			isa = PBXGroup;
			children = (
				1F2078FF2618EAF500D68D87 /* ContactFaceApp.swift */,
				1F2079142618EB7900D68D87 /* ImagePicker.swift */,
				1F2079012618EAF500D68D87 /* ContentView.swift */,
				1F20791E2618F32900D68D87 /* AddContactView.swift */,
				1F785641261A30C600190926 /* MapView.swift */,
				1F78563D261A2E9500190926 /* LocationFetcher.swift */,
				1F2079252619112F00D68D87 /* DetailView.swift */,
				1F2079172618ED1E00D68D87 /* FileManager.swift */,
				1F2079032618EAF600D68D87 /* Assets.xcassets */,
				1F2079082618EAF600D68D87 /* Persistence.swift */,
				1F20790D2618EAF700D68D87 /* Info.plist */,
				1F20790A2618EAF600D68D87 /* ContactFace.xcdatamodeld */,
				1F2079052618EAF600D68D87 /* Preview Content */,
			);
			path = ContactFace;
			sourceTree = "<group>";
		};
		1F2079052618EAF600D68D87 /* Preview Content */ = {
			isa = PBXGroup;
			children = (
				1F2079062618EAF600D68D87 /* Preview Assets.xcassets */,
			);
			path = "Preview Content";
			sourceTree = "<group>";
		};
/* End PBXGroup section */

/* Begin PBXNativeTarget section */
		1F2078FB2618EAF500D68D87 /* ContactFace */ = {
			isa = PBXNativeTarget;
			buildConfigurationList = 1F2079102618EAF700D68D87 /* Build configuration list for PBXNativeTarget "ContactFace" */;
			buildPhases = (
				1F2078F82618EAF500D68D87 /* Sources */,
				1F2078F92618EAF500D68D87 /* Frameworks */,
				1F2078FA2618EAF500D68D87 /* Resources */,
			);
			buildRules = (
			);
			dependencies = (
			);
			name = ContactFace;
			productName = ContactFace;
			productReference = 1F2078FC2618EAF500D68D87 /* ContactFace.app */;
			productType = "com.apple.product-type.application";
		};
/* End PBXNativeTarget section */

/* Begin PBXProject section */
		1F2078F42618EAF500D68D87 /* Project object */ = {
			isa = PBXProject;
			attributes = {
				LastSwiftUpdateCheck = 1240;
				LastUpgradeCheck = 1240;
				TargetAttributes = {
					1F2078FB2618EAF500D68D87 = {
						CreatedOnToolsVersion = 12.4;
					};
				};
			};
			buildConfigurationList = 1F2078F72618EAF500D68D87 /* Build configuration list for PBXProject "ContactFace" */;
			compatibilityVersion = "Xcode 9.3";
			developmentRegion = en;
			hasScannedForEncodings = 0;
			knownRegions = (
				en,
				Base,
			);
			mainGroup = 1F2078F32618EAF500D68D87;
			productRefGroup = 1F2078FD2618EAF500D68D87 /* Products */;
			projectDirPath = "";
			projectRoot = "";
			targets = (
				1F2078FB2618EAF500D68D87 /* ContactFace */,
			);
		};
/* End PBXProject section */

/* Begin PBXResourcesBuildPhase section */
		1F2078FA2618EAF500D68D87 /* Resources */ = {
			isa = PBXResourcesBuildPhase;
			buildActionMask = 2147483647;
			files = (
				1F2079072618EAF600D68D87 /* Preview Assets.xcassets in Resources */,
				1F2079042618EAF600D68D87 /* Assets.xcassets in Resources */,
			);
			runOnlyForDeploymentPostprocessing = 0;
		};
/* End PBXResourcesBuildPhase section */

/* Begin PBXSourcesBuildPhase section */
		1F2078F82618EAF500D68D87 /* Sources */ = {
			isa = PBXSourcesBuildPhase;
			buildActionMask = 2147483647;
			files = (
				1F2079092618EAF600D68D87 /* Persistence.swift in Sources */,
				1F2079262619112F00D68D87 /* DetailView.swift in Sources */,
				1F2079022618EAF500D68D87 /* ContentView.swift in Sources */,
				1F2079152618EB7900D68D87 /* ImagePicker.swift in Sources */,
				1F2079182618ED1E00D68D87 /* FileManager.swift in Sources */,
				1F2079002618EAF500D68D87 /* ContactFaceApp.swift in Sources */,
				1F20791F2618F32900D68D87 /* AddContactView.swift in Sources */,
				1F785642261A30C600190926 /* MapView.swift in Sources */,
				1F20790C2618EAF700D68D87 /* ContactFace.xcdatamodeld in Sources */,
				1F78563E261A2E9500190926 /* LocationFetcher.swift in Sources */,
			);
			runOnlyForDeploymentPostprocessing = 0;
		};
/* End PBXSourcesBuildPhase section */

/* Begin XCBuildConfiguration section */
		1F20790E2618EAF700D68D87 /* Debug */ = {
			isa = XCBuildConfiguration;
			buildSettings = {
				ALWAYS_SEARCH_USER_PATHS = NO;
				CLANG_ANALYZER_NONNULL = YES;
				CLANG_ANALYZER_NUMBER_OBJECT_CONVERSION = YES_AGGRESSIVE;
				CLANG_CXX_LANGUAGE_STANDARD = "gnu++14";
				CLANG_CXX_LIBRARY = "libc++";
				CLANG_ENABLE_MODULES = YES;
				CLANG_ENABLE_OBJC_ARC = YES;
				CLANG_ENABLE_OBJC_WEAK = YES;
				CLANG_WARN_BLOCK_CAPTURE_AUTORELEASING = YES;
				CLANG_WARN_BOOL_CONVERSION = YES;
				CLANG_WARN_COMMA = YES;
				CLANG_WARN_CONSTANT_CONVERSION = YES;
				CLANG_WARN_DEPRECATED_OBJC_IMPLEMENTATIONS = YES;
				CLANG_WARN_DIRECT_OBJC_ISA_USAGE = YES_ERROR;
				CLANG_WARN_DOCUMENTATION_COMMENTS = YES;
				CLANG_WARN_EMPTY_BODY = YES;
				CLANG_WARN_ENUM_CONVERSION = YES;
				CLANG_WARN_INFINITE_RECURSION = YES;
				CLANG_WARN_INT_CONVERSION = YES;
				CLANG_WARN_NON_LITERAL_NULL_CONVERSION = YES;
				CLANG_WARN_OBJC_IMPLICIT_RETAIN_SELF = YES;
				CLANG_WARN_OBJC_LITERAL_CONVERSION = YES;
				CLANG_WARN_OBJC_ROOT_CLASS = YES_ERROR;
				CLANG_WARN_QUOTED_INCLUDE_IN_FRAMEWORK_HEADER = YES;
				CLANG_WARN_RANGE_LOOP_ANALYSIS = YES;
				CLANG_WARN_STRICT_PROTOTYPES = YES;
				CLANG_WARN_SUSPICIOUS_MOVE = YES;
				CLANG_WARN_UNGUARDED_AVAILABILITY = YES_AGGRESSIVE;
				CLANG_WARN_UNREACHABLE_CODE = YES;
				CLANG_WARN__DUPLICATE_METHOD_MATCH = YES;
				COPY_PHASE_STRIP = NO;
				DEBUG_INFORMATION_FORMAT = dwarf;
				ENABLE_STRICT_OBJC_MSGSEND = YES;
				ENABLE_TESTABILITY = YES;
				GCC_C_LANGUAGE_STANDARD = gnu11;
				GCC_DYNAMIC_NO_PIC = NO;
				GCC_NO_COMMON_BLOCKS = YES;
				GCC_OPTIMIZATION_LEVEL = 0;
				GCC_PREPROCESSOR_DEFINITIONS = (
					"DEBUG=1",
					"$(inherited)",
				);
				GCC_WARN_64_TO_32_BIT_CONVERSION = YES;
				GCC_WARN_ABOUT_RETURN_TYPE = YES_ERROR;
				GCC_WARN_UNDECLARED_SELECTOR = YES;
				GCC_WARN_UNINITIALIZED_AUTOS = YES_AGGRESSIVE;
				GCC_WARN_UNUSED_FUNCTION = YES;
				GCC_WARN_UNUSED_VARIABLE = YES;
				IPHONEOS_DEPLOYMENT_TARGET = 14.4;
				MTL_ENABLE_DEBUG_INFO = INCLUDE_SOURCE;
				MTL_FAST_MATH = YES;
				ONLY_ACTIVE_ARCH = YES;
				SDKROOT = iphoneos;
				SWIFT_ACTIVE_COMPILATION_CONDITIONS = DEBUG;
				SWIFT_OPTIMIZATION_LEVEL = "-Onone";
			};
			name = Debug;
		};
		1F20790F2618EAF700D68D87 /* Release */ = {
			isa = XCBuildConfiguration;
			buildSettings = {
				ALWAYS_SEARCH_USER_PATHS = NO;
				CLANG_ANALYZER_NONNULL = YES;
				CLANG_ANALYZER_NUMBER_OBJECT_CONVERSION = YES_AGGRESSIVE;
				CLANG_CXX_LANGUAGE_STANDARD = "gnu++14";
				CLANG_CXX_LIBRARY = "libc++";
				CLANG_ENABLE_MODULES = YES;
				CLANG_ENABLE_OBJC_ARC = YES;
				CLANG_ENABLE_OBJC_WEAK = YES;
				CLANG_WARN_BLOCK_CAPTURE_AUTORELEASING = YES;
				CLANG_WARN_BOOL_CONVERSION = YES;
				CLANG_WARN_COMMA = YES;
				CLANG_WARN_CONSTANT_CONVERSION = YES;
				CLANG_WARN_DEPRECATED_OBJC_IMPLEMENTATIONS = YES;
				CLANG_WARN_DIRECT_OBJC_ISA_USAGE = YES_ERROR;
				CLANG_WARN_DOCUMENTATION_COMMENTS = YES;
				CLANG_WARN_EMPTY_BODY = YES;
				CLANG_WARN_ENUM_CONVERSION = YES;
				CLANG_WARN_INFINITE_RECURSION = YES;
				CLANG_WARN_INT_CONVERSION = YES;
				CLANG_WARN_NON_LITERAL_NULL_CONVERSION = YES;
				CLANG_WARN_OBJC_IMPLICIT_RETAIN_SELF = YES;
				CLANG_WARN_OBJC_LITERAL_CONVERSION = YES;
				CLANG_WARN_OBJC_ROOT_CLASS = YES_ERROR;
				CLANG_WARN_QUOTED_INCLUDE_IN_FRAMEWORK_HEADER = YES;
				CLANG_WARN_RANGE_LOOP_ANALYSIS = YES;
				CLANG_WARN_STRICT_PROTOTYPES = YES;
				CLANG_WARN_SUSPICIOUS_MOVE = YES;
				CLANG_WARN_UNGUARDED_AVAILABILITY = YES_AGGRESSIVE;
				CLANG_WARN_UNREACHABLE_CODE = YES;
				CLANG_WARN__DUPLICATE_METHOD_MATCH = YES;
				COPY_PHASE_STRIP = NO;
				DEBUG_INFORMATION_FORMAT = "dwarf-with-dsym";
				ENABLE_NS_ASSERTIONS = NO;
				ENABLE_STRICT_OBJC_MSGSEND = YES;
				GCC_C_LANGUAGE_STANDARD = gnu11;
				GCC_NO_COMMON_BLOCKS = YES;
				GCC_WARN_64_TO_32_BIT_CONVERSION = YES;
				GCC_WARN_ABOUT_RETURN_TYPE = YES_ERROR;
				GCC_WARN_UNDECLARED_SELECTOR = YES;
				GCC_WARN_UNINITIALIZED_AUTOS = YES_AGGRESSIVE;
				GCC_WARN_UNUSED_FUNCTION = YES;
				GCC_WARN_UNUSED_VARIABLE = YES;
				IPHONEOS_DEPLOYMENT_TARGET = 14.4;
				MTL_ENABLE_DEBUG_INFO = NO;
				MTL_FAST_MATH = YES;
				SDKROOT = iphoneos;
				SWIFT_COMPILATION_MODE = wholemodule;
				SWIFT_OPTIMIZATION_LEVEL = "-O";
				VALIDATE_PRODUCT = YES;
			};
			name = Release;
		};
		1F2079112618EAF700D68D87 /* Debug */ = {
			isa = XCBuildConfiguration;
			buildSettings = {
				ASSETCATALOG_COMPILER_APPICON_NAME = AppIcon;
				ASSETCATALOG_COMPILER_GLOBAL_ACCENT_COLOR_NAME = AccentColor;
				CODE_SIGN_STYLE = Automatic;
				DEVELOPMENT_ASSET_PATHS = "\"ContactFace/Preview Content\"";
				DEVELOPMENT_TEAM = ALG2J5NQP4;
				ENABLE_PREVIEWS = YES;
				INFOPLIST_FILE = ContactFace/Info.plist;
				IPHONEOS_DEPLOYMENT_TARGET = 14.0;
				LD_RUNPATH_SEARCH_PATHS = (
					"$(inherited)",
					"@executable_path/Frameworks",
				);
				PRODUCT_BUNDLE_IDENTIFIER = vzmaino.ContactFace;
				PRODUCT_NAME = "$(TARGET_NAME)";
				SWIFT_VERSION = 5.0;
				TARGETED_DEVICE_FAMILY = "1,2";
			};
			name = Debug;
		};
		1F2079122618EAF700D68D87 /* Release */ = {
			isa = XCBuildConfiguration;
			buildSettings = {
				ASSETCATALOG_COMPILER_APPICON_NAME = AppIcon;
				ASSETCATALOG_COMPILER_GLOBAL_ACCENT_COLOR_NAME = AccentColor;
				CODE_SIGN_STYLE = Automatic;
				DEVELOPMENT_ASSET_PATHS = "\"ContactFace/Preview Content\"";
				DEVELOPMENT_TEAM = ALG2J5NQP4;
				ENABLE_PREVIEWS = YES;
				INFOPLIST_FILE = ContactFace/Info.plist;
				IPHONEOS_DEPLOYMENT_TARGET = 14.0;
				LD_RUNPATH_SEARCH_PATHS = (
					"$(inherited)",
					"@executable_path/Frameworks",
				);
				PRODUCT_BUNDLE_IDENTIFIER = vzmaino.ContactFace;
				PRODUCT_NAME = "$(TARGET_NAME)";
				SWIFT_VERSION = 5.0;
				TARGETED_DEVICE_FAMILY = "1,2";
			};
			name = Release;
		};
/* End XCBuildConfiguration section */

/* Begin XCConfigurationList section */
		1F2078F72618EAF500D68D87 /* Build configuration list for PBXProject "ContactFace" */ = {
			isa = XCConfigurationList;
			buildConfigurations = (
				1F20790E2618EAF700D68D87 /* Debug */,
				1F20790F2618EAF700D68D87 /* Release */,
			);
			defaultConfigurationIsVisible = 0;
			defaultConfigurationName = Release;
		};
		1F2079102618EAF700D68D87 /* Build configuration list for PBXNativeTarget "ContactFace" */ = {
			isa = XCConfigurationList;
			buildConfigurations = (
				1F2079112618EAF700D68D87 /* Debug */,
				1F2079122618EAF700D68D87 /* Release */,
			);
			defaultConfigurationIsVisible = 0;
			defaultConfigurationName = Release;
		};
/* End XCConfigurationList section */

/* Begin XCVersionGroup section */
		1F20790A2618EAF600D68D87 /* ContactFace.xcdatamodeld */ = {
			isa = XCVersionGroup;
			children = (
				1F20790B2618EAF700D68D87 /* ContactFace.xcdatamodel */,
			);
			currentVersion = 1F20790B2618EAF700D68D87 /* ContactFace.xcdatamodel */;
			path = ContactFace.xcdatamodeld;
			sourceTree = "<group>";
			versionGroupType = wrapper.xcdatamodel;
		};
/* End XCVersionGroup section */
	};
	rootObject = 1F2078F42618EAF500D68D87 /* Project object */;
}
